
Microsoft Visual Studio Solution File, Format Version 12.00
# Visual Studio Version 17
VisualStudioVersion = 17.13.35828.75 d17.13
MinimumVisualStudioVersion = 10.0.40219.1
Project("{FAE04EC0-301F-11D3-BF4B-00C04F79EFBC}") = "MinioExample", "MinioExample.csproj", "{0DFD645D-99F6-ACB1-E4B5-2134B2A5E72B}"
EndProject
Global
	GlobalSection(SolutionConfigurationPlatforms) = preSolution
		Debug|Any CPU = Debug|Any CPU
		Release|Any CPU = Release|Any CPU
	EndGlobalSection
	GlobalSection(ProjectConfigurationPlatforms) = postSolution
		{0DFD645D-99F6-ACB1-E4B5-2134B2A5E72B}.Debug|Any CPU.ActiveCfg = Debug|Any CPU
		{0DFD645D-99F6-ACB1-E4B5-2134B2A5E72B}.Debug|Any CPU.Build.0 = Debug|Any CPU
		{0DFD645D-99F6-ACB1-E4B5-2134B2A5E72B}.Release|Any CPU.ActiveCfg = Release|Any CPU
		{0DFD645D-99F6-ACB1-E4B5-2134B2A5E72B}.Release|Any CPU.Build.0 = Release|Any CPU
	EndGlobalSection
	GlobalSection(SolutionProperties) = preSolution
		HideSolutionNode = FALSE
	EndGlobalSection
	GlobalSection(ExtensibilityGlobals) = postSolution
		SolutionGuid = {3C5F0406-143E-4901-9357-9F6DD75D5A2F}
	EndGlobalSection
EndGlobal
